{
  "originHash" : "24fb7771cacf29f6b1ee52c180225076d1c348d438597a04bbde60db9badf261",
  "pins" : [
    {
      "identity" : "horizoncalendar",
      "kind" : "remoteSourceControl",
      "location" : "https://github.com/airbnb/HorizonCalendar",
      "state" : {
        "branch" : "master",
        "revision" : "6d6d11a6b304b3ee8703906cbd3eddfd33c784de"
      }
    },
    {
      "identity" : "keychainaccess",
      "kind" : "remoteSourceControl",
      "location" : "https://github.com/kishikawakatsumi/KeychainAccess",
      "state" : {
        "revision" : "84e546727d66f1adc5439debad16270d0fdd04e7",
        "version" : "4.2.2"
      }
    },
    {
      "identity" : "kingfisher",
      "kind" : "remoteSourceControl",
      "location" : "https://github.com/onevcat/Kingfisher",
      "state" : {
        "branch" : "master",
        "revision" : "cfca8f8b9b654679908264d488fe8761e1571e22"
      }
    },
    {
      "identity" : "supabase-swift",
      "kind" : "remoteSourceControl",
      "location" : "https://github.com/supabase-community/supabase-swift",
      "state" : {
        "revision" : "f167264ca134ed1bbf0218b13f808449cd0c96d2",
        "version" : "2.5.0"
      }
    },
    {
      "identity" : "swift-concurrency-extras",
      "kind" : "remoteSourceControl",
      "location" : "https://github.com/pointfreeco/swift-concurrency-extras",
      "state" : {
        "revision" : "bb5059bde9022d69ac516803f4f227d8ac967f71",
        "version" : "1.1.0"
      }
    },
    {
      "identity" : "swift-crypto",
      "kind" : "remoteSourceControl",
      "location" : "https://github.com/apple/swift-crypto.git",
      "state" : {
        "revision" : "f0525da24dc3c6cbb2b6b338b65042bc91cbc4bb",
        "version" : "3.3.0"
      }
    },
    {
      "identity" : "wrappinghstack",
      "kind" : "remoteSourceControl",
      "location" : "https://github.com/dkk/WrappingHStack",
      "state" : {
        "branch" : "main",
        "revision" : "425d9488ba55f58f0b34498c64c054c77fc2a44b"
      }
    }
  ],
  "version" : 3
}
