// !$*UTF8*$!
{
	archiveVersion = 1;
	classes = {
	};
	objectVersion = 56;
	objects = {

/* Begin PBXBuildFile section */
		FE115AA02BB88C8A00AB66C1 /* BricolageGrotesque-Regular.ttf in Resources */ = {isa = PBXBuildFile; fileRef = FE115A992BB88C8A00AB66C1 /* BricolageGrotesque-Regular.ttf */; };
		FE115AA12BB88C8A00AB66C1 /* BricolageGrotesque-ExtraLight.ttf in Resources */ = {isa = PBXBuildFile; fileRef = FE115A9A2BB88C8A00AB66C1 /* BricolageGrotesque-ExtraLight.ttf */; };
		FE115AA22BB88C8A00AB66C1 /* BricolageGrotesque-Medium.ttf in Resources */ = {isa = PBXBuildFile; fileRef = FE115A9B2BB88C8A00AB66C1 /* BricolageGrotesque-Medium.ttf */; };
		FE115AA32BB88C8A00AB66C1 /* BricolageGrotesque-SemiBold.ttf in Resources */ = {isa = PBXBuildFile; fileRef = FE115A9C2BB88C8A00AB66C1 /* BricolageGrotesque-SemiBold.ttf */; };
		FE115AA42BB88C8A00AB66C1 /* BricolageGrotesque-Light.ttf in Resources */ = {isa = PBXBuildFile; fileRef = FE115A9D2BB88C8A00AB66C1 /* BricolageGrotesque-Light.ttf */; };
		FE115AA52BB88C8A00AB66C1 /* BricolageGrotesque-ExtraBold.ttf in Resources */ = {isa = PBXBuildFile; fileRef = FE115A9E2BB88C8A00AB66C1 /* BricolageGrotesque-ExtraBold.ttf */; };
		FE115AA62BB88C8A00AB66C1 /* BricolageGrotesque-Bold.ttf in Resources */ = {isa = PBXBuildFile; fileRef = FE115A9F2BB88C8A00AB66C1 /* BricolageGrotesque-Bold.ttf */; };
		FE115AA82BB892AE00AB66C1 /* UserInfo.swift in Sources */ = {isa = PBXBuildFile; fileRef = FE115AA72BB892AE00AB66C1 /* UserInfo.swift */; };
		FE115AAA2BB8933200AB66C1 /* PopUp.swift in Sources */ = {isa = PBXBuildFile; fileRef = FE115AA92BB8933200AB66C1 /* PopUp.swift */; };
		FE115AAC2BB8B48700AB66C1 /* UserAbout.swift in Sources */ = {isa = PBXBuildFile; fileRef = FE115AAB2BB8B48700AB66C1 /* UserAbout.swift */; };
		FE2DC24C2BB882E700264452 /* Test.swift in Sources */ = {isa = PBXBuildFile; fileRef = FE2DC24B2BB882E700264452 /* Test.swift */; };
		FEC16F8A2BB8740900FFA357 /* futon_v1App.swift in Sources */ = {isa = PBXBuildFile; fileRef = FEC16F892BB8740900FFA357 /* futon_v1App.swift */; };
		FEC16F8C2BB8740900FFA357 /* ContentView.swift in Sources */ = {isa = PBXBuildFile; fileRef = FEC16F8B2BB8740900FFA357 /* ContentView.swift */; };
		FEC16F8E2BB8740B00FFA357 /* Assets.xcassets in Resources */ = {isa = PBXBuildFile; fileRef = FEC16F8D2BB8740B00FFA357 /* Assets.xcassets */; };
		FEC16F912BB8740B00FFA357 /* Preview Assets.xcassets in Resources */ = {isa = PBXBuildFile; fileRef = FEC16F902BB8740B00FFA357 /* Preview Assets.xcassets */; };
		FEC16FA02BB87BD200FFA357 /* Kingfisher in Frameworks */ = {isa = PBXBuildFile; productRef = FEC16F9F2BB87BD200FFA357 /* Kingfisher */; };
		FEC16FA32BB87BE300FFA357 /* WrappingHStack in Frameworks */ = {isa = PBXBuildFile; productRef = FEC16FA22BB87BE300FFA357 /* WrappingHStack */; };
		FEC16FA52BB87C8800FFA357 /* auth.swift in Sources */ = {isa = PBXBuildFile; fileRef = FEC16FA42BB87C8800FFA357 /* auth.swift */; };
		FEC16FA72BB87CA800FFA357 /* GlobalHelpers.swift in Sources */ = {isa = PBXBuildFile; fileRef = FEC16FA62BB87CA800FFA357 /* GlobalHelpers.swift */; };
		FEC16FA92BB87CBF00FFA357 /* RequestBox.swift in Sources */ = {isa = PBXBuildFile; fileRef = FEC16FA82BB87CBF00FFA357 /* RequestBox.swift */; };
		FEC16FAB2BB87CE100FFA357 /* User.swift in Sources */ = {isa = PBXBuildFile; fileRef = FEC16FAA2BB87CE100FFA357 /* User.swift */; };
		FEC16FAD2BB87CFF00FFA357 /* Connect.swift in Sources */ = {isa = PBXBuildFile; fileRef = FEC16FAC2BB87CFF00FFA357 /* Connect.swift */; };
		FEC16FAF2BB87D1200FFA357 /* HostQ.swift in Sources */ = {isa = PBXBuildFile; fileRef = FEC16FAE2BB87D1200FFA357 /* HostQ.swift */; };
		FEC16FB12BB87D2A00FFA357 /* Login.swift in Sources */ = {isa = PBXBuildFile; fileRef = FEC16FB02BB87D2A00FFA357 /* Login.swift */; };
		FEC16FB32BB87D3600FFA357 /* Register.swift in Sources */ = {isa = PBXBuildFile; fileRef = FEC16FB22BB87D3600FFA357 /* Register.swift */; };
		FEC16FB52BB87D4600FFA357 /* Start.swift in Sources */ = {isa = PBXBuildFile; fileRef = FEC16FB42BB87D4600FFA357 /* Start.swift */; };
		FEC16FB72BB87D5F00FFA357 /* AuthView.swift in Sources */ = {isa = PBXBuildFile; fileRef = FEC16FB62BB87D5F00FFA357 /* AuthView.swift */; };
		FEC16FB92BB87D7B00FFA357 /* CalendarView.swift in Sources */ = {isa = PBXBuildFile; fileRef = FEC16FB82BB87D7B00FFA357 /* CalendarView.swift */; };
		FEC16FBB2BB87D9000FFA357 /* HomeView.swift in Sources */ = {isa = PBXBuildFile; fileRef = FEC16FBA2BB87D9000FFA357 /* HomeView.swift */; };
		FEC16FBD2BB87DA200FFA357 /* ProfileView.swift in Sources */ = {isa = PBXBuildFile; fileRef = FEC16FBC2BB87DA200FFA357 /* ProfileView.swift */; };
		FEC16FBF2BB87DB900FFA357 /* RequestProfile.swift in Sources */ = {isa = PBXBuildFile; fileRef = FEC16FBE2BB87DB900FFA357 /* RequestProfile.swift */; };
		FEC16FC12BB87DDC00FFA357 /* RequestView.swift in Sources */ = {isa = PBXBuildFile; fileRef = FEC16FC02BB87DDC00FFA357 /* RequestView.swift */; };
/* End PBXBuildFile section */

/* Begin PBXBuildRule section */
		FEB5134F2BB9185700823559 /* PBXBuildRule */ = {
			isa = PBXBuildRule;
			compilerSpec = com.apple.compilers.proxy.script;
			fileType = pattern.proxy;
			inputFiles = (
			);
			isEditable = 1;
			outputFiles = (
			);
			script = "# Type a script or drag a script file from your workspace to insert its path.\n";
		};
/* End PBXBuildRule section */

/* Begin PBXFileReference section */
		FE115A992BB88C8A00AB66C1 /* BricolageGrotesque-Regular.ttf */ = {isa = PBXFileReference; lastKnownFileType = file; path = "BricolageGrotesque-Regular.ttf"; sourceTree = "<group>"; };
		FE115A9A2BB88C8A00AB66C1 /* BricolageGrotesque-ExtraLight.ttf */ = {isa = PBXFileReference; lastKnownFileType = file; path = "BricolageGrotesque-ExtraLight.ttf"; sourceTree = "<group>"; };
		FE115A9B2BB88C8A00AB66C1 /* BricolageGrotesque-Medium.ttf */ = {isa = PBXFileReference; lastKnownFileType = file; path = "BricolageGrotesque-Medium.ttf"; sourceTree = "<group>"; };
		FE115A9C2BB88C8A00AB66C1 /* BricolageGrotesque-SemiBold.ttf */ = {isa = PBXFileReference; lastKnownFileType = file; path = "BricolageGrotesque-SemiBold.ttf"; sourceTree = "<group>"; };
		FE115A9D2BB88C8A00AB66C1 /* BricolageGrotesque-Light.ttf */ = {isa = PBXFileReference; lastKnownFileType = file; path = "BricolageGrotesque-Light.ttf"; sourceTree = "<group>"; };
		FE115A9E2BB88C8A00AB66C1 /* BricolageGrotesque-ExtraBold.ttf */ = {isa = PBXFileReference; lastKnownFileType = file; path = "BricolageGrotesque-ExtraBold.ttf"; sourceTree = "<group>"; };
		FE115A9F2BB88C8A00AB66C1 /* BricolageGrotesque-Bold.ttf */ = {isa = PBXFileReference; lastKnownFileType = file; path = "BricolageGrotesque-Bold.ttf"; sourceTree = "<group>"; };
		FE115AA72BB892AE00AB66C1 /* UserInfo.swift */ = {isa = PBXFileReference; lastKnownFileType = sourcecode.swift; path = UserInfo.swift; sourceTree = "<group>"; };
		FE115AA92BB8933200AB66C1 /* PopUp.swift */ = {isa = PBXFileReference; lastKnownFileType = sourcecode.swift; path = PopUp.swift; sourceTree = "<group>"; };
		FE115AAB2BB8B48700AB66C1 /* UserAbout.swift */ = {isa = PBXFileReference; lastKnownFileType = sourcecode.swift; path = UserAbout.swift; sourceTree = "<group>"; };
		FE2DC24B2BB882E700264452 /* Test.swift */ = {isa = PBXFileReference; lastKnownFileType = sourcecode.swift; path = Test.swift; sourceTree = "<group>"; };
		FEC16F862BB8740900FFA357 /* futon-v1.app */ = {isa = PBXFileReference; explicitFileType = wrapper.application; includeInIndex = 0; path = "futon-v1.app"; sourceTree = BUILT_PRODUCTS_DIR; };
		FEC16F892BB8740900FFA357 /* futon_v1App.swift */ = {isa = PBXFileReference; lastKnownFileType = sourcecode.swift; path = futon_v1App.swift; sourceTree = "<group>"; };
		FEC16F8B2BB8740900FFA357 /* ContentView.swift */ = {isa = PBXFileReference; lastKnownFileType = sourcecode.swift; path = ContentView.swift; sourceTree = "<group>"; };
		FEC16F8D2BB8740B00FFA357 /* Assets.xcassets */ = {isa = PBXFileReference; lastKnownFileType = folder.assetcatalog; path = Assets.xcassets; sourceTree = "<group>"; };
		FEC16F902BB8740B00FFA357 /* Preview Assets.xcassets */ = {isa = PBXFileReference; lastKnownFileType = folder.assetcatalog; path = "Preview Assets.xcassets"; sourceTree = "<group>"; };
		FEC16FA42BB87C8800FFA357 /* auth.swift */ = {isa = PBXFileReference; lastKnownFileType = sourcecode.swift; path = auth.swift; sourceTree = "<group>"; };
		FEC16FA62BB87CA800FFA357 /* GlobalHelpers.swift */ = {isa = PBXFileReference; lastKnownFileType = sourcecode.swift; path = GlobalHelpers.swift; sourceTree = "<group>"; };
		FEC16FA82BB87CBF00FFA357 /* RequestBox.swift */ = {isa = PBXFileReference; lastKnownFileType = sourcecode.swift; path = RequestBox.swift; sourceTree = "<group>"; };
		FEC16FAA2BB87CE100FFA357 /* User.swift */ = {isa = PBXFileReference; lastKnownFileType = sourcecode.swift; path = User.swift; sourceTree = "<group>"; };
		FEC16FAC2BB87CFF00FFA357 /* Connect.swift */ = {isa = PBXFileReference; lastKnownFileType = sourcecode.swift; path = Connect.swift; sourceTree = "<group>"; };
		FEC16FAE2BB87D1200FFA357 /* HostQ.swift */ = {isa = PBXFileReference; lastKnownFileType = sourcecode.swift; path = HostQ.swift; sourceTree = "<group>"; };
		FEC16FB02BB87D2A00FFA357 /* Login.swift */ = {isa = PBXFileReference; lastKnownFileType = sourcecode.swift; path = Login.swift; sourceTree = "<group>"; };
		FEC16FB22BB87D3600FFA357 /* Register.swift */ = {isa = PBXFileReference; lastKnownFileType = sourcecode.swift; path = Register.swift; sourceTree = "<group>"; };
		FEC16FB42BB87D4600FFA357 /* Start.swift */ = {isa = PBXFileReference; lastKnownFileType = sourcecode.swift; path = Start.swift; sourceTree = "<group>"; };
		FEC16FB62BB87D5F00FFA357 /* AuthView.swift */ = {isa = PBXFileReference; lastKnownFileType = sourcecode.swift; path = AuthView.swift; sourceTree = "<group>"; };
		FEC16FB82BB87D7B00FFA357 /* CalendarView.swift */ = {isa = PBXFileReference; lastKnownFileType = sourcecode.swift; path = CalendarView.swift; sourceTree = "<group>"; };
		FEC16FBA2BB87D9000FFA357 /* HomeView.swift */ = {isa = PBXFileReference; lastKnownFileType = sourcecode.swift; path = HomeView.swift; sourceTree = "<group>"; };
		FEC16FBC2BB87DA200FFA357 /* ProfileView.swift */ = {isa = PBXFileReference; lastKnownFileType = sourcecode.swift; path = ProfileView.swift; sourceTree = "<group>"; };
		FEC16FBE2BB87DB900FFA357 /* RequestProfile.swift */ = {isa = PBXFileReference; lastKnownFileType = sourcecode.swift; path = RequestProfile.swift; sourceTree = "<group>"; };
		FEC16FC02BB87DDC00FFA357 /* RequestView.swift */ = {isa = PBXFileReference; lastKnownFileType = sourcecode.swift; path = RequestView.swift; sourceTree = "<group>"; };
		FEC16FC92BB87EF700FFA357 /* Info.plist */ = {isa = PBXFileReference; lastKnownFileType = text.plist; path = Info.plist; sourceTree = "<group>"; };
/* End PBXFileReference section */

/* Begin PBXFrameworksBuildPhase section */
		FEC16F832BB8740900FFA357 /* Frameworks */ = {
			isa = PBXFrameworksBuildPhase;
			buildActionMask = 2147483647;
			files = (
				FEC16FA32BB87BE300FFA357 /* WrappingHStack in Frameworks */,
				FEC16FA02BB87BD200FFA357 /* Kingfisher in Frameworks */,
			);
			runOnlyForDeploymentPostprocessing = 0;
		};
/* End PBXFrameworksBuildPhase section */

/* Begin PBXGroup section */
		FEB5134E2BB9179800823559 /* Frameworks */ = {
			isa = PBXGroup;
			children = (
			);
			name = Frameworks;
			sourceTree = "<group>";
		};
		FEC16F7D2BB8740900FFA357 = {
			isa = PBXGroup;
			children = (
				FEC16F882BB8740900FFA357 /* futon-v1 */,
				FEC16F872BB8740900FFA357 /* Products */,
				FEB5134E2BB9179800823559 /* Frameworks */,
			);
			sourceTree = "<group>";
		};
		FEC16F872BB8740900FFA357 /* Products */ = {
			isa = PBXGroup;
			children = (
				FEC16F862BB8740900FFA357 /* futon-v1.app */,
			);
			name = Products;
			sourceTree = "<group>";
		};
		FEC16F882BB8740900FFA357 /* futon-v1 */ = {
			isa = PBXGroup;
			children = (
				FEC16FC92BB87EF700FFA357 /* Info.plist */,
				FEC16F9B2BB8761100FFA357 /* Fonts */,
				FEC16F9A2BB8760900FFA357 /* Views */,
				FEC16F992BB8760100FFA357 /* Models */,
				FEC16F982BB875F900FFA357 /* HelperViews */,
				FEC16F972BB875F000FFA357 /* Helpers */,
				FEC16F892BB8740900FFA357 /* futon_v1App.swift */,
				FEC16F8B2BB8740900FFA357 /* ContentView.swift */,
				FEC16F8D2BB8740B00FFA357 /* Assets.xcassets */,
				FEC16F8F2BB8740B00FFA357 /* Preview Content */,
				FE2DC24B2BB882E700264452 /* Test.swift */,
			);
			path = "futon-v1";
			sourceTree = "<group>";
		};
		FEC16F8F2BB8740B00FFA357 /* Preview Content */ = {
			isa = PBXGroup;
			children = (
				FEC16F902BB8740B00FFA357 /* Preview Assets.xcassets */,
			);
			path = "Preview Content";
			sourceTree = "<group>";
		};
		FEC16F972BB875F000FFA357 /* Helpers */ = {
			isa = PBXGroup;
			children = (
				FEC16FA42BB87C8800FFA357 /* auth.swift */,
				FEC16FA62BB87CA800FFA357 /* GlobalHelpers.swift */,
			);
			path = Helpers;
			sourceTree = "<group>";
		};
		FEC16F982BB875F900FFA357 /* HelperViews */ = {
			isa = PBXGroup;
			children = (
				FEC16FA82BB87CBF00FFA357 /* RequestBox.swift */,
				FE115AA92BB8933200AB66C1 /* PopUp.swift */,
			);
			path = HelperViews;
			sourceTree = "<group>";
		};
		FEC16F992BB8760100FFA357 /* Models */ = {
			isa = PBXGroup;
			children = (
				FEC16FAA2BB87CE100FFA357 /* User.swift */,
			);
			path = Models;
			sourceTree = "<group>";
		};
		FEC16F9A2BB8760900FFA357 /* Views */ = {
			isa = PBXGroup;
			children = (
				FEC16F9C2BB8762900FFA357 /* AuthSubviews */,
				FEC16F9D2BB8763100FFA357 /* RequestSubviews */,
				FEC16FB62BB87D5F00FFA357 /* AuthView.swift */,
				FEC16FB82BB87D7B00FFA357 /* CalendarView.swift */,
				FEC16FBA2BB87D9000FFA357 /* HomeView.swift */,
				FEC16FBC2BB87DA200FFA357 /* ProfileView.swift */,
				FEC16FC02BB87DDC00FFA357 /* RequestView.swift */,
			);
			path = Views;
			sourceTree = "<group>";
		};
		FEC16F9B2BB8761100FFA357 /* Fonts */ = {
			isa = PBXGroup;
			children = (
				FE115A9F2BB88C8A00AB66C1 /* BricolageGrotesque-Bold.ttf */,
				FE115A9E2BB88C8A00AB66C1 /* BricolageGrotesque-ExtraBold.ttf */,
				FE115A9A2BB88C8A00AB66C1 /* BricolageGrotesque-ExtraLight.ttf */,
				FE115A9D2BB88C8A00AB66C1 /* BricolageGrotesque-Light.ttf */,
				FE115A9B2BB88C8A00AB66C1 /* BricolageGrotesque-Medium.ttf */,
				FE115A992BB88C8A00AB66C1 /* BricolageGrotesque-Regular.ttf */,
				FE115A9C2BB88C8A00AB66C1 /* BricolageGrotesque-SemiBold.ttf */,
			);
			path = Fonts;
			sourceTree = "<group>";
		};
		FEC16F9C2BB8762900FFA357 /* AuthSubviews */ = {
			isa = PBXGroup;
			children = (
				FEC16FB42BB87D4600FFA357 /* Start.swift */,
				FEC16FB02BB87D2A00FFA357 /* Login.swift */,
				FEC16FB22BB87D3600FFA357 /* Register.swift */,
				FEC16FAC2BB87CFF00FFA357 /* Connect.swift */,
				FEC16FAE2BB87D1200FFA357 /* HostQ.swift */,
				FE115AA72BB892AE00AB66C1 /* UserInfo.swift */,
				FE115AAB2BB8B48700AB66C1 /* UserAbout.swift */,
			);
			path = AuthSubviews;
			sourceTree = "<group>";
		};
		FEC16F9D2BB8763100FFA357 /* RequestSubviews */ = {
			isa = PBXGroup;
			children = (
				FEC16FBE2BB87DB900FFA357 /* RequestProfile.swift */,
			);
			path = RequestSubviews;
			sourceTree = "<group>";
		};
/* End PBXGroup section */

/* Begin PBXNativeTarget section */
		FEC16F852BB8740900FFA357 /* futon-v1 */ = {
			isa = PBXNativeTarget;
			buildConfigurationList = FEC16F942BB8740B00FFA357 /* Build configuration list for PBXNativeTarget "futon-v1" */;
			buildPhases = (
				FEC16F822BB8740900FFA357 /* Sources */,
				FEC16F832BB8740900FFA357 /* Frameworks */,
				FEC16F842BB8740900FFA357 /* Resources */,
			);
			buildRules = (
				FEB5134F2BB9185700823559 /* PBXBuildRule */,
			);
			dependencies = (
			);
			name = "futon-v1";
			packageProductDependencies = (
				FEC16F9F2BB87BD200FFA357 /* Kingfisher */,
				FEC16FA22BB87BE300FFA357 /* WrappingHStack */,
			);
			productName = "futon-v1";
			productReference = FEC16F862BB8740900FFA357 /* futon-v1.app */;
			productType = "com.apple.product-type.application";
		};
/* End PBXNativeTarget section */

/* Begin PBXProject section */
		FEC16F7E2BB8740900FFA357 /* Project object */ = {
			isa = PBXProject;
			attributes = {
				BuildIndependentTargetsInParallel = 1;
				LastSwiftUpdateCheck = 1420;
				LastUpgradeCheck = 1420;
				TargetAttributes = {
					FEC16F852BB8740900FFA357 = {
						CreatedOnToolsVersion = 14.2;
					};
				};
			};
			buildConfigurationList = FEC16F812BB8740900FFA357 /* Build configuration list for PBXProject "futon-v1" */;
			compatibilityVersion = "Xcode 14.0";
			developmentRegion = en;
			hasScannedForEncodings = 0;
			knownRegions = (
				en,
				Base,
			);
			mainGroup = FEC16F7D2BB8740900FFA357;
			packageReferences = (
				FEC16F9E2BB87BD200FFA357 /* XCRemoteSwiftPackageReference "Kingfisher" */,
				FEC16FA12BB87BE300FFA357 /* XCRemoteSwiftPackageReference "WrappingHStack" */,
				FEB513542BB91AB700823559 /* XCRemoteSwiftPackageReference "supabase-swift" */,
			);
			productRefGroup = FEC16F872BB8740900FFA357 /* Products */;
			projectDirPath = "";
			projectRoot = "";
			targets = (
				FEC16F852BB8740900FFA357 /* futon-v1 */,
			);
		};
/* End PBXProject section */

/* Begin PBXResourcesBuildPhase section */
		FEC16F842BB8740900FFA357 /* Resources */ = {
			isa = PBXResourcesBuildPhase;
			buildActionMask = 2147483647;
			files = (
				FE115AA62BB88C8A00AB66C1 /* BricolageGrotesque-Bold.ttf in Resources */,
				FE115AA02BB88C8A00AB66C1 /* BricolageGrotesque-Regular.ttf in Resources */,
				FE115AA22BB88C8A00AB66C1 /* BricolageGrotesque-Medium.ttf in Resources */,
				FE115AA52BB88C8A00AB66C1 /* BricolageGrotesque-ExtraBold.ttf in Resources */,
				FEC16F912BB8740B00FFA357 /* Preview Assets.xcassets in Resources */,
				FE115AA42BB88C8A00AB66C1 /* BricolageGrotesque-Light.ttf in Resources */,
				FEC16F8E2BB8740B00FFA357 /* Assets.xcassets in Resources */,
				FE115AA32BB88C8A00AB66C1 /* BricolageGrotesque-SemiBold.ttf in Resources */,
				FE115AA12BB88C8A00AB66C1 /* BricolageGrotesque-ExtraLight.ttf in Resources */,
			);
			runOnlyForDeploymentPostprocessing = 0;
		};
/* End PBXResourcesBuildPhase section */

/* Begin PBXSourcesBuildPhase section */
		FEC16F822BB8740900FFA357 /* Sources */ = {
			isa = PBXSourcesBuildPhase;
			buildActionMask = 2147483647;
			files = (
				FE115AA82BB892AE00AB66C1 /* UserInfo.swift in Sources */,
				FEC16FA92BB87CBF00FFA357 /* RequestBox.swift in Sources */,
				FEC16FC12BB87DDC00FFA357 /* RequestView.swift in Sources */,
				FEC16FBB2BB87D9000FFA357 /* HomeView.swift in Sources */,
				FEC16FB52BB87D4600FFA357 /* Start.swift in Sources */,
				FEC16FB72BB87D5F00FFA357 /* AuthView.swift in Sources */,
				FE115AAA2BB8933200AB66C1 /* PopUp.swift in Sources */,
				FEC16F8C2BB8740900FFA357 /* ContentView.swift in Sources */,
				FEC16FAB2BB87CE100FFA357 /* User.swift in Sources */,
				FEC16FA52BB87C8800FFA357 /* auth.swift in Sources */,
				FEC16FBD2BB87DA200FFA357 /* ProfileView.swift in Sources */,
				FE115AAC2BB8B48700AB66C1 /* UserAbout.swift in Sources */,
				FEC16FB92BB87D7B00FFA357 /* CalendarView.swift in Sources */,
				FEC16FBF2BB87DB900FFA357 /* RequestProfile.swift in Sources */,
				FE2DC24C2BB882E700264452 /* Test.swift in Sources */,
				FEC16FB32BB87D3600FFA357 /* Register.swift in Sources */,
				FEC16FAD2BB87CFF00FFA357 /* Connect.swift in Sources */,
				FEC16FAF2BB87D1200FFA357 /* HostQ.swift in Sources */,
				FEC16FB12BB87D2A00FFA357 /* Login.swift in Sources */,
				FEC16FA72BB87CA800FFA357 /* GlobalHelpers.swift in Sources */,
				FEC16F8A2BB8740900FFA357 /* futon_v1App.swift in Sources */,
			);
			runOnlyForDeploymentPostprocessing = 0;
		};
/* End PBXSourcesBuildPhase section */

/* Begin XCBuildConfiguration section */
		FEC16F922BB8740B00FFA357 /* Debug */ = {
			isa = XCBuildConfiguration;
			buildSettings = {
				ALWAYS_SEARCH_USER_PATHS = NO;
				CLANG_ANALYZER_NONNULL = YES;
				CLANG_ANALYZER_NUMBER_OBJECT_CONVERSION = YES_AGGRESSIVE;
				CLANG_CXX_LANGUAGE_STANDARD = "gnu++20";
				CLANG_ENABLE_MODULES = YES;
				CLANG_ENABLE_OBJC_ARC = YES;
				CLANG_ENABLE_OBJC_WEAK = YES;
				CLANG_WARN_BLOCK_CAPTURE_AUTORELEASING = YES;
				CLANG_WARN_BOOL_CONVERSION = YES;
				CLANG_WARN_COMMA = YES;
				CLANG_WARN_CONSTANT_CONVERSION = YES;
				CLANG_WARN_DEPRECATED_OBJC_IMPLEMENTATIONS = YES;
				CLANG_WARN_DIRECT_OBJC_ISA_USAGE = YES_ERROR;
				CLANG_WARN_DOCUMENTATION_COMMENTS = YES;
				CLANG_WARN_EMPTY_BODY = YES;
				CLANG_WARN_ENUM_CONVERSION = YES;
				CLANG_WARN_INFINITE_RECURSION = YES;
				CLANG_WARN_INT_CONVERSION = YES;
				CLANG_WARN_NON_LITERAL_NULL_CONVERSION = YES;
				CLANG_WARN_OBJC_IMPLICIT_RETAIN_SELF = YES;
				CLANG_WARN_OBJC_LITERAL_CONVERSION = YES;
				CLANG_WARN_OBJC_ROOT_CLASS = YES_ERROR;
				CLANG_WARN_QUOTED_INCLUDE_IN_FRAMEWORK_HEADER = YES;
				CLANG_WARN_RANGE_LOOP_ANALYSIS = YES;
				CLANG_WARN_STRICT_PROTOTYPES = YES;
				CLANG_WARN_SUSPICIOUS_MOVE = YES;
				CLANG_WARN_UNGUARDED_AVAILABILITY = YES_AGGRESSIVE;
				CLANG_WARN_UNREACHABLE_CODE = YES;
				CLANG_WARN__DUPLICATE_METHOD_MATCH = YES;
				COPY_PHASE_STRIP = NO;
				DEBUG_INFORMATION_FORMAT = dwarf;
				ENABLE_STRICT_OBJC_MSGSEND = YES;
				ENABLE_TESTABILITY = YES;
				GCC_C_LANGUAGE_STANDARD = gnu11;
				GCC_DYNAMIC_NO_PIC = NO;
				GCC_NO_COMMON_BLOCKS = YES;
				GCC_OPTIMIZATION_LEVEL = 0;
				GCC_PREPROCESSOR_DEFINITIONS = (
					"DEBUG=1",
					"$(inherited)",
				);
				GCC_WARN_64_TO_32_BIT_CONVERSION = YES;
				GCC_WARN_ABOUT_RETURN_TYPE = YES_ERROR;
				GCC_WARN_UNDECLARED_SELECTOR = YES;
				GCC_WARN_UNINITIALIZED_AUTOS = YES_AGGRESSIVE;
				GCC_WARN_UNUSED_FUNCTION = YES;
				GCC_WARN_UNUSED_VARIABLE = YES;
				IPHONEOS_DEPLOYMENT_TARGET = 16.2;
				MTL_ENABLE_DEBUG_INFO = INCLUDE_SOURCE;
				MTL_FAST_MATH = YES;
				ONLY_ACTIVE_ARCH = YES;
				SDKROOT = iphoneos;
				SWIFT_ACTIVE_COMPILATION_CONDITIONS = DEBUG;
				SWIFT_OPTIMIZATION_LEVEL = "-Onone";
			};
			name = Debug;
		};
		FEC16F932BB8740B00FFA357 /* Release */ = {
			isa = XCBuildConfiguration;
			buildSettings = {
				ALWAYS_SEARCH_USER_PATHS = NO;
				CLANG_ANALYZER_NONNULL = YES;
				CLANG_ANALYZER_NUMBER_OBJECT_CONVERSION = YES_AGGRESSIVE;
				CLANG_CXX_LANGUAGE_STANDARD = "gnu++20";
				CLANG_ENABLE_MODULES = YES;
				CLANG_ENABLE_OBJC_ARC = YES;
				CLANG_ENABLE_OBJC_WEAK = YES;
				CLANG_WARN_BLOCK_CAPTURE_AUTORELEASING = YES;
				CLANG_WARN_BOOL_CONVERSION = YES;
				CLANG_WARN_COMMA = YES;
				CLANG_WARN_CONSTANT_CONVERSION = YES;
				CLANG_WARN_DEPRECATED_OBJC_IMPLEMENTATIONS = YES;
				CLANG_WARN_DIRECT_OBJC_ISA_USAGE = YES_ERROR;
				CLANG_WARN_DOCUMENTATION_COMMENTS = YES;
				CLANG_WARN_EMPTY_BODY = YES;
				CLANG_WARN_ENUM_CONVERSION = YES;
				CLANG_WARN_INFINITE_RECURSION = YES;
				CLANG_WARN_INT_CONVERSION = YES;
				CLANG_WARN_NON_LITERAL_NULL_CONVERSION = YES;
				CLANG_WARN_OBJC_IMPLICIT_RETAIN_SELF = YES;
				CLANG_WARN_OBJC_LITERAL_CONVERSION = YES;
				CLANG_WARN_OBJC_ROOT_CLASS = YES_ERROR;
				CLANG_WARN_QUOTED_INCLUDE_IN_FRAMEWORK_HEADER = YES;
				CLANG_WARN_RANGE_LOOP_ANALYSIS = YES;
				CLANG_WARN_STRICT_PROTOTYPES = YES;
				CLANG_WARN_SUSPICIOUS_MOVE = YES;
				CLANG_WARN_UNGUARDED_AVAILABILITY = YES_AGGRESSIVE;
				CLANG_WARN_UNREACHABLE_CODE = YES;
				CLANG_WARN__DUPLICATE_METHOD_MATCH = YES;
				COPY_PHASE_STRIP = NO;
				DEBUG_INFORMATION_FORMAT = "dwarf-with-dsym";
				ENABLE_NS_ASSERTIONS = NO;
				ENABLE_STRICT_OBJC_MSGSEND = YES;
				GCC_C_LANGUAGE_STANDARD = gnu11;
				GCC_NO_COMMON_BLOCKS = YES;
				GCC_WARN_64_TO_32_BIT_CONVERSION = YES;
				GCC_WARN_ABOUT_RETURN_TYPE = YES_ERROR;
				GCC_WARN_UNDECLARED_SELECTOR = YES;
				GCC_WARN_UNINITIALIZED_AUTOS = YES_AGGRESSIVE;
				GCC_WARN_UNUSED_FUNCTION = YES;
				GCC_WARN_UNUSED_VARIABLE = YES;
				IPHONEOS_DEPLOYMENT_TARGET = 16.2;
				MTL_ENABLE_DEBUG_INFO = NO;
				MTL_FAST_MATH = YES;
				SDKROOT = iphoneos;
				SWIFT_COMPILATION_MODE = wholemodule;
				SWIFT_OPTIMIZATION_LEVEL = "-O";
				VALIDATE_PRODUCT = YES;
			};
			name = Release;
		};
		FEC16F952BB8740B00FFA357 /* Debug */ = {
			isa = XCBuildConfiguration;
			buildSettings = {
				ASSETCATALOG_COMPILER_APPICON_NAME = AppIcon;
				ASSETCATALOG_COMPILER_GLOBAL_ACCENT_COLOR_NAME = AccentColor;
				CODE_SIGN_STYLE = Automatic;
				CURRENT_PROJECT_VERSION = 1;
				DEVELOPMENT_ASSET_PATHS = "\"futon-v1/Preview Content\"";
				DEVELOPMENT_TEAM = TBBJC4T54A;
				ENABLE_PREVIEWS = YES;
				GENERATE_INFOPLIST_FILE = YES;
				INFOPLIST_FILE = "futon-v1/Info.plist";
				INFOPLIST_KEY_UIApplicationSceneManifest_Generation = YES;
				INFOPLIST_KEY_UIApplicationSupportsIndirectInputEvents = YES;
				INFOPLIST_KEY_UILaunchScreen_Generation = YES;
				INFOPLIST_KEY_UISupportedInterfaceOrientations_iPad = "UIInterfaceOrientationPortrait UIInterfaceOrientationPortraitUpsideDown UIInterfaceOrientationLandscapeLeft UIInterfaceOrientationLandscapeRight";
				INFOPLIST_KEY_UISupportedInterfaceOrientations_iPhone = "UIInterfaceOrientationPortrait UIInterfaceOrientationLandscapeLeft UIInterfaceOrientationLandscapeRight";
				LD_RUNPATH_SEARCH_PATHS = (
					"$(inherited)",
					"@executable_path/Frameworks",
				);
				MARKETING_VERSION = 1.0;
				PRODUCT_BUNDLE_IDENTIFIER = "ldang.futon-v1";
				PRODUCT_NAME = "$(TARGET_NAME)";
				SWIFT_EMIT_LOC_STRINGS = YES;
				SWIFT_VERSION = 5.0;
				TARGETED_DEVICE_FAMILY = "1,2";
			};
			name = Debug;
		};
		FEC16F962BB8740B00FFA357 /* Release */ = {
			isa = XCBuildConfiguration;
			buildSettings = {
				ASSETCATALOG_COMPILER_APPICON_NAME = AppIcon;
				ASSETCATALOG_COMPILER_GLOBAL_ACCENT_COLOR_NAME = AccentColor;
				CODE_SIGN_STYLE = Automatic;
				CURRENT_PROJECT_VERSION = 1;
				DEVELOPMENT_ASSET_PATHS = "\"futon-v1/Preview Content\"";
				DEVELOPMENT_TEAM = TBBJC4T54A;
				ENABLE_PREVIEWS = YES;
				GENERATE_INFOPLIST_FILE = YES;
				INFOPLIST_FILE = "futon-v1/Info.plist";
				INFOPLIST_KEY_UIApplicationSceneManifest_Generation = YES;
				INFOPLIST_KEY_UIApplicationSupportsIndirectInputEvents = YES;
				INFOPLIST_KEY_UILaunchScreen_Generation = YES;
				INFOPLIST_KEY_UISupportedInterfaceOrientations_iPad = "UIInterfaceOrientationPortrait UIInterfaceOrientationPortraitUpsideDown UIInterfaceOrientationLandscapeLeft UIInterfaceOrientationLandscapeRight";
				INFOPLIST_KEY_UISupportedInterfaceOrientations_iPhone = "UIInterfaceOrientationPortrait UIInterfaceOrientationLandscapeLeft UIInterfaceOrientationLandscapeRight";
				LD_RUNPATH_SEARCH_PATHS = (
					"$(inherited)",
					"@executable_path/Frameworks",
				);
				MARKETING_VERSION = 1.0;
				PRODUCT_BUNDLE_IDENTIFIER = "ldang.futon-v1";
				PRODUCT_NAME = "$(TARGET_NAME)";
				SWIFT_EMIT_LOC_STRINGS = YES;
				SWIFT_VERSION = 5.0;
				TARGETED_DEVICE_FAMILY = "1,2";
			};
			name = Release;
		};
/* End XCBuildConfiguration section */

/* Begin XCConfigurationList section */
		FEC16F812BB8740900FFA357 /* Build configuration list for PBXProject "futon-v1" */ = {
			isa = XCConfigurationList;
			buildConfigurations = (
				FEC16F922BB8740B00FFA357 /* Debug */,
				FEC16F932BB8740B00FFA357 /* Release */,
			);
			defaultConfigurationIsVisible = 0;
			defaultConfigurationName = Release;
		};
		FEC16F942BB8740B00FFA357 /* Build configuration list for PBXNativeTarget "futon-v1" */ = {
			isa = XCConfigurationList;
			buildConfigurations = (
				FEC16F952BB8740B00FFA357 /* Debug */,
				FEC16F962BB8740B00FFA357 /* Release */,
			);
			defaultConfigurationIsVisible = 0;
			defaultConfigurationName = Release;
		};
/* End XCConfigurationList section */

/* Begin XCRemoteSwiftPackageReference section */
		FEB513542BB91AB700823559 /* XCRemoteSwiftPackageReference "supabase-swift" */ = {
			isa = XCRemoteSwiftPackageReference;
			repositoryURL = "https://github.com/supabase-community/supabase-swift.git";
			requirement = {
				kind = upToNextMajorVersion;
				minimumVersion = 2.0.0;
			};
		};
		FEC16F9E2BB87BD200FFA357 /* XCRemoteSwiftPackageReference "Kingfisher" */ = {
			isa = XCRemoteSwiftPackageReference;
			repositoryURL = "https://github.com/onevcat/Kingfisher";
			requirement = {
				branch = master;
				kind = branch;
			};
		};
		FEC16FA12BB87BE300FFA357 /* XCRemoteSwiftPackageReference "WrappingHStack" */ = {
			isa = XCRemoteSwiftPackageReference;
			repositoryURL = "https://github.com/dkk/WrappingHStack";
			requirement = {
				branch = main;
				kind = branch;
			};
		};
/* End XCRemoteSwiftPackageReference section */

/* Begin XCSwiftPackageProductDependency section */
		FEC16F9F2BB87BD200FFA357 /* Kingfisher */ = {
			isa = XCSwiftPackageProductDependency;
			package = FEC16F9E2BB87BD200FFA357 /* XCRemoteSwiftPackageReference "Kingfisher" */;
			productName = Kingfisher;
		};
		FEC16FA22BB87BE300FFA357 /* WrappingHStack */ = {
			isa = XCSwiftPackageProductDependency;
			package = FEC16FA12BB87BE300FFA357 /* XCRemoteSwiftPackageReference "WrappingHStack" */;
			productName = WrappingHStack;
		};
/* End XCSwiftPackageProductDependency section */
	};
	rootObject = FEC16F7E2BB8740900FFA357 /* Project object */;
}
